
Microsoft Visual Studio Solution File, Format Version 12.00
# Visual Studio Version 16
VisualStudioVersion = 16.0.30406.217
MinimumVisualStudioVersion = 10.0.40219.1
Project("{9A19103F-16F7-4668-BE54-9A1E7A4F7556}") = "DroneDelivery.Api", "src\Entrega\DroneDelivery.Api\DroneDelivery.Api.csproj", "{172737F3-91C4-4D8D-B21F-D7DC5763D3DE}"
EndProject
Project("{9A19103F-16F7-4668-BE54-9A1E7A4F7556}") = "DroneDelivery.Data", "src\Entrega\DroneDelivery.Data\DroneDelivery.Data.csproj", "{97FC2822-F109-4CD1-9EF1-D86ECA9AF22F}"
EndProject
Project("{9A19103F-16F7-4668-BE54-9A1E7A4F7556}") = "DroneDelivery.Domain", "src\Entrega\DroneDelivery.Domain\DroneDelivery.Domain.csproj", "{E47F2437-C252-4873-A94F-81DDF28BE4C6}"
EndProject
Project("{9A19103F-16F7-4668-BE54-9A1E7A4F7556}") = "DroneDelivery.Application", "src\Entrega\DroneDelivery.Application\DroneDelivery.Application.csproj", "{A7F7743C-12F7-4509-ABC9-37855B12D14F}"
EndProject
Project("{9A19103F-16F7-4668-BE54-9A1E7A4F7556}") = "DroneDelivery.Infra", "src\Entrega\DroneDelivery.Infra\DroneDelivery.Infra.csproj", "{9138835D-DBD2-4F7E-96DF-38DA264C68B2}"
EndProject
Project("{2150E333-8FDC-42A3-9474-1A3956D46DE8}") = "API", "API", "{392C7EC5-E3B4-4C13-B3F3-F463455B9EEB}"
EndProject
Project("{2150E333-8FDC-42A3-9474-1A3956D46DE8}") = "Application", "Application", "{1E67246D-1DE9-456D-A066-FE0060120BA2}"
EndProject
Project("{2150E333-8FDC-42A3-9474-1A3956D46DE8}") = "Infra", "Infra", "{80C17DDA-A376-4A1F-AAF9-F838F781B25F}"
EndProject
Project("{2150E333-8FDC-42A3-9474-1A3956D46DE8}") = "Domain", "Domain", "{69666D4D-D76B-40CF-9FA6-63011B0561F5}"
EndProject
Project("{9A19103F-16F7-4668-BE54-9A1E7A4F7556}") = "DroneDelivery.IOC", "src\Entrega\DroneDelivery.IOC\DroneDelivery.IOC.csproj", "{0EB26F6E-F96D-4997-A709-97F77C5A14BE}"
EndProject
Project("{2150E333-8FDC-42A3-9474-1A3956D46DE8}") = "Tests", "Tests", "{73CB2273-9DAA-44AD-8AC6-F9DBFD9D6633}"
EndProject
Project("{9A19103F-16F7-4668-BE54-9A1E7A4F7556}") = "DroneDelivery.Api.Tests", "tests\Entrega\DroneDelivery.Api.Tests\DroneDelivery.Api.Tests.csproj", "{997FE319-8961-4133-986D-79C32AB5E411}"
EndProject
Project("{2150E333-8FDC-42A3-9474-1A3956D46DE8}") = "API", "API", "{217E1229-2EC5-4955-90DC-C37CBD5B93B4}"
EndProject
Project("{2150E333-8FDC-42A3-9474-1A3956D46DE8}") = "Application", "Application", "{B8383C6B-8187-4A03-94C9-7F45C4F95829}"
EndProject
Project("{9A19103F-16F7-4668-BE54-9A1E7A4F7556}") = "DroneDelivery.Application.Tests", "tests\Entrega\DroneDelivery.Application.Tests\DroneDelivery.Application.Tests.csproj", "{976E7696-622F-4538-A980-38511D946F25}"
EndProject
Project("{2150E333-8FDC-42A3-9474-1A3956D46DE8}") = "Domain", "Domain", "{FC1B416F-0CC3-4C90-B97A-F03E34E8C6FC}"
EndProject
Project("{9A19103F-16F7-4668-BE54-9A1E7A4F7556}") = "DroneDelivery.Domain.Tests", "tests\Entrega\DroneDelivery.Domain.Tests\DroneDelivery.Domain.Tests.csproj", "{62D15D22-3460-4272-B3C6-4542E0B0EB41}"
EndProject
Project("{2150E333-8FDC-42A3-9474-1A3956D46DE8}") = "Infra", "Infra", "{9A585552-948C-4BB1-8333-D8B098330A43}"
EndProject
Project("{2150E333-8FDC-42A3-9474-1A3956D46DE8}") = "Data", "Data", "{81117F01-21D7-4CF8-9A33-7E5D176CC14F}"
EndProject
Project("{9A19103F-16F7-4668-BE54-9A1E7A4F7556}") = "DroneDelivery.Data.Tests", "tests\Entrega\DroneDelivery.Data.Tests\DroneDelivery.Data.Tests.csproj", "{80B5D428-4431-4F06-8EC0-C6C80F322157}"
EndProject
Project("{2150E333-8FDC-42A3-9474-1A3956D46DE8}") = "Infra", "Infra", "{08658FB6-7B8C-4173-B9B7-285770C9254C}"
EndProject
Project("{9A19103F-16F7-4668-BE54-9A1E7A4F7556}") = "DroneDelivery.Infra.Tests", "tests\Entrega\DroneDelivery.Infra.Tests\DroneDelivery.Infra.Tests.csproj", "{FA3B2D09-C1BE-417B-803C-BEDE5059A6B2}"
EndProject
Project("{2150E333-8FDC-42A3-9474-1A3956D46DE8}") = "Entrega", "Entrega", "{5B5EC253-F8CD-4564-A237-03EA3BB5EBA9}"
EndProject
Project("{2150E333-8FDC-42A3-9474-1A3956D46DE8}") = "Pagamento", "Pagamento", "{B702DBA1-A82E-4F5B-94BD-81766EF2191D}"
EndProject
Project("{9A19103F-16F7-4668-BE54-9A1E7A4F7556}") = "DroneDelivery.Pagamento.Api", "src\Pagamento\DroneDelivery.Pagamento.Api\DroneDelivery.Pagamento.Api.csproj", "{0EF7C621-B91D-4DD0-B40F-EA5AE9119860}"
EndProject
Project("{9A19103F-16F7-4668-BE54-9A1E7A4F7556}") = "DroneDelivery.Pagamento.Data", "src\Pagamento\DroneDelivery.Pagamento.Data\DroneDelivery.Pagamento.Data.csproj", "{90D11130-8550-4FD1-BDD4-FF0264018430}"
EndProject
Project("{9A19103F-16F7-4668-BE54-9A1E7A4F7556}") = "DroneDelivery.Pagamento.Domain", "src\Pagamento\DroneDelivery.Pagamento.Domain\DroneDelivery.Pagamento.Domain.csproj", "{DA65263F-7A4A-4DA5-BDA1-06FAEA3B436F}"
EndProject
Project("{9A19103F-16F7-4668-BE54-9A1E7A4F7556}") = "DroneDelivery.Pagamento.Application", "src\Pagamento\DroneDelivery.Pagamento.Application\DroneDelivery.Pagamento.Application.csproj", "{96CF6FB9-78E2-4C73-B46A-60FA63A2BB10}"
EndProject
Project("{2150E333-8FDC-42A3-9474-1A3956D46DE8}") = "Shared", "Shared", "{356581CB-AFF8-44E4-9CDD-04C60521456D}"
EndProject
Project("{9A19103F-16F7-4668-BE54-9A1E7A4F7556}") = "DroneDelivery.Shared.Infra", "src\Shared\DroneDelivery.Shared.Infra\DroneDelivery.Shared.Infra.csproj", "{774149FA-F1F9-4123-9CEA-9493F39A2A1C}"
EndProject
Project("{2150E333-8FDC-42A3-9474-1A3956D46DE8}") = "API", "API", "{94CE1670-8A7E-43B5-9C10-D7502AA906E4}"
EndProject
Project("{2150E333-8FDC-42A3-9474-1A3956D46DE8}") = "Application", "Application", "{5D53008D-6BDF-4D8C-8412-B06F3BEED93B}"
EndProject
Project("{2150E333-8FDC-42A3-9474-1A3956D46DE8}") = "Domain", "Domain", "{3DFBCEFF-6C3E-4BA6-A2C7-80A8980DD127}"
EndProject
Project("{2150E333-8FDC-42A3-9474-1A3956D46DE8}") = "Infra", "Infra", "{43447475-99B2-4B1D-A170-FB3037302F12}"
EndProject
Project("{2150E333-8FDC-42A3-9474-1A3956D46DE8}") = "Tests", "Tests", "{64210172-DE3B-41B4-981F-348BA05DBE9F}"
EndProject
Project("{2150E333-8FDC-42A3-9474-1A3956D46DE8}") = "API", "API", "{1218CA08-9252-4689-83E7-D27011EB69CB}"
EndProject
Project("{9A19103F-16F7-4668-BE54-9A1E7A4F7556}") = "DroneDelivery.Pagamento.Api.Tests", "tests\Pagamento\DroneDelivery.Pagamento.Api.Tests\DroneDelivery.Pagamento.Api.Tests.csproj", "{30A97477-127A-4E5A-992A-75FA0624D2F5}"
EndProject
Project("{9A19103F-16F7-4668-BE54-9A1E7A4F7556}") = "DroneDelivery.Shared.Bus", "src\Shared\DroneDelivery.Shared.Bus\DroneDelivery.Shared.Bus.csproj", "{FA3E4B9E-08C9-4F8B-8FA7-23A01F35E308}"
EndProject
Project("{9A19103F-16F7-4668-BE54-9A1E7A4F7556}") = "DroneDelivery.Shared.Domain.Core", "src\Shared\DroneDelivery.Shared.Domain.Core\DroneDelivery.Shared.Domain.Core.csproj", "{9CD7F18D-4EDC-4C17-8A52-66832F89E983}"
EndProject
Project("{2150E333-8FDC-42A3-9474-1A3956D46DE8}") = "Tests", "Tests", "{318B106F-DB68-4315-9EFB-CE142D21B72E}"
EndProject
Project("{2150E333-8FDC-42A3-9474-1A3956D46DE8}") = "Bus", "Bus", "{0D42B31E-1235-4548-BEE1-FE526DB1F529}"
EndProject
Project("{9A19103F-16F7-4668-BE54-9A1E7A4F7556}") = "DroneDelivery.Shared.Bus.Tests", "tests\Shared\DroneDelivery.Shared.Bus.Tests\DroneDelivery.Shared.Bus.Tests.csproj", "{CCCABA83-7A01-42BF-BAE0-9B95E3FE7FAB}"
EndProject
Project("{9A19103F-16F7-4668-BE54-9A1E7A4F7556}") = "DroneDelivery.Pagamento.IOC", "src\Pagamento\DroneDelivery.Pagamento.IOC\DroneDelivery.Pagamento.IOC.csproj", "{12D50FEB-5C8B-4062-B42D-92AE0EE909F6}"
EndProject
Project("{9A19103F-16F7-4668-BE54-9A1E7A4F7556}") = "DroneDelivery.Shared.Utility", "src\Shared\DroneDelivery.Shared.Utility\DroneDelivery.Shared.Utility.csproj", "{E3BB5F2D-C0D2-4B6A-8332-CD4EB1DA23E1}"
EndProject
Project("{9A19103F-16F7-4668-BE54-9A1E7A4F7556}") = "DroneDelivery.Pagamento.Gateway", "src\Pagamento\DroneDelivery.Pagamento.Gateway\DroneDelivery.Pagamento.Gateway.csproj", "{AB2C75B7-0C6D-4581-BF57-A5C361A607CC}"
EndProject
Project("{2150E333-8FDC-42A3-9474-1A3956D46DE8}") = "Application", "Application", "{4463E45E-6342-4056-BE49-32B1B10EC337}"
EndProject
Project("{9A19103F-16F7-4668-BE54-9A1E7A4F7556}") = "DroneDelivery.Pagamento.Application.Tests", "tests\Pagamento\DroneDelivery.Pagamento.Application.Tests\DroneDelivery.Pagamento.Application.Tests.csproj", "{41D3DA73-163A-49EB-B17A-8F040FA4DD1E}"
EndProject
Project("{2150E333-8FDC-42A3-9474-1A3956D46DE8}") = "Pedido-Producer", "Pedido-Producer", "{53E91903-29F4-40F9-A910-D4DD5B7BD810}"
EndProject
Project("{9A19103F-16F7-4668-BE54-9A1E7A4F7556}") = "DroneDelivery.PedidoProducer", "src\Pedido\DroneDelivery.PedidoProducer\DroneDelivery.PedidoProducer.csproj", "{3E717016-477F-43D5-880B-9972D2CCCD52}"
EndProject
Project("{2150E333-8FDC-42A3-9474-1A3956D46DE8}") = "AzureFunctions", "AzureFunctions", "{169C1F17-3317-46CB-8956-7437F0850F5C}"
EndProject
Project("{9A19103F-16F7-4668-BE54-9A1E7A4F7556}") = "DroneDelivery.PedidoConsumerTrigger", "src\Functions\DroneDelivery.PedidoConsumerTrigger\DroneDelivery.PedidoConsumerTrigger.csproj", "{092BF3B7-584C-417E-AE86-9501B5B2FD6C}"
EndProject
Global
	GlobalSection(SolutionConfigurationPlatforms) = preSolution
		Debug|Any CPU = Debug|Any CPU
		Release|Any CPU = Release|Any CPU
	EndGlobalSection
	GlobalSection(ProjectConfigurationPlatforms) = postSolution
		{172737F3-91C4-4D8D-B21F-D7DC5763D3DE}.Debug|Any CPU.ActiveCfg = Debug|Any CPU
		{172737F3-91C4-4D8D-B21F-D7DC5763D3DE}.Debug|Any CPU.Build.0 = Debug|Any CPU
		{172737F3-91C4-4D8D-B21F-D7DC5763D3DE}.Release|Any CPU.ActiveCfg = Release|Any CPU
		{172737F3-91C4-4D8D-B21F-D7DC5763D3DE}.Release|Any CPU.Build.0 = Release|Any CPU
		{97FC2822-F109-4CD1-9EF1-D86ECA9AF22F}.Debug|Any CPU.ActiveCfg = Debug|Any CPU
		{97FC2822-F109-4CD1-9EF1-D86ECA9AF22F}.Debug|Any CPU.Build.0 = Debug|Any CPU
		{97FC2822-F109-4CD1-9EF1-D86ECA9AF22F}.Release|Any CPU.ActiveCfg = Release|Any CPU
		{97FC2822-F109-4CD1-9EF1-D86ECA9AF22F}.Release|Any CPU.Build.0 = Release|Any CPU
		{E47F2437-C252-4873-A94F-81DDF28BE4C6}.Debug|Any CPU.ActiveCfg = Debug|Any CPU
		{E47F2437-C252-4873-A94F-81DDF28BE4C6}.Debug|Any CPU.Build.0 = Debug|Any CPU
		{E47F2437-C252-4873-A94F-81DDF28BE4C6}.Release|Any CPU.ActiveCfg = Release|Any CPU
		{E47F2437-C252-4873-A94F-81DDF28BE4C6}.Release|Any CPU.Build.0 = Release|Any CPU
		{A7F7743C-12F7-4509-ABC9-37855B12D14F}.Debug|Any CPU.ActiveCfg = Debug|Any CPU
		{A7F7743C-12F7-4509-ABC9-37855B12D14F}.Debug|Any CPU.Build.0 = Debug|Any CPU
		{A7F7743C-12F7-4509-ABC9-37855B12D14F}.Release|Any CPU.ActiveCfg = Release|Any CPU
		{A7F7743C-12F7-4509-ABC9-37855B12D14F}.Release|Any CPU.Build.0 = Release|Any CPU
		{9138835D-DBD2-4F7E-96DF-38DA264C68B2}.Debug|Any CPU.ActiveCfg = Debug|Any CPU
		{9138835D-DBD2-4F7E-96DF-38DA264C68B2}.Debug|Any CPU.Build.0 = Debug|Any CPU
		{9138835D-DBD2-4F7E-96DF-38DA264C68B2}.Release|Any CPU.ActiveCfg = Release|Any CPU
		{9138835D-DBD2-4F7E-96DF-38DA264C68B2}.Release|Any CPU.Build.0 = Release|Any CPU
		{0EB26F6E-F96D-4997-A709-97F77C5A14BE}.Debug|Any CPU.ActiveCfg = Debug|Any CPU
		{0EB26F6E-F96D-4997-A709-97F77C5A14BE}.Debug|Any CPU.Build.0 = Debug|Any CPU
		{0EB26F6E-F96D-4997-A709-97F77C5A14BE}.Release|Any CPU.ActiveCfg = Release|Any CPU
		{0EB26F6E-F96D-4997-A709-97F77C5A14BE}.Release|Any CPU.Build.0 = Release|Any CPU
		{997FE319-8961-4133-986D-79C32AB5E411}.Debug|Any CPU.ActiveCfg = Debug|Any CPU
		{997FE319-8961-4133-986D-79C32AB5E411}.Debug|Any CPU.Build.0 = Debug|Any CPU
		{997FE319-8961-4133-986D-79C32AB5E411}.Release|Any CPU.ActiveCfg = Release|Any CPU
		{997FE319-8961-4133-986D-79C32AB5E411}.Release|Any CPU.Build.0 = Release|Any CPU
		{976E7696-622F-4538-A980-38511D946F25}.Debug|Any CPU.ActiveCfg = Debug|Any CPU
		{976E7696-622F-4538-A980-38511D946F25}.Debug|Any CPU.Build.0 = Debug|Any CPU
		{976E7696-622F-4538-A980-38511D946F25}.Release|Any CPU.ActiveCfg = Release|Any CPU
		{976E7696-622F-4538-A980-38511D946F25}.Release|Any CPU.Build.0 = Release|Any CPU
		{62D15D22-3460-4272-B3C6-4542E0B0EB41}.Debug|Any CPU.ActiveCfg = Debug|Any CPU
		{62D15D22-3460-4272-B3C6-4542E0B0EB41}.Debug|Any CPU.Build.0 = Debug|Any CPU
		{62D15D22-3460-4272-B3C6-4542E0B0EB41}.Release|Any CPU.ActiveCfg = Release|Any CPU
		{62D15D22-3460-4272-B3C6-4542E0B0EB41}.Release|Any CPU.Build.0 = Release|Any CPU
		{80B5D428-4431-4F06-8EC0-C6C80F322157}.Debug|Any CPU.ActiveCfg = Debug|Any CPU
		{80B5D428-4431-4F06-8EC0-C6C80F322157}.Debug|Any CPU.Build.0 = Debug|Any CPU
		{80B5D428-4431-4F06-8EC0-C6C80F322157}.Release|Any CPU.ActiveCfg = Release|Any CPU
		{80B5D428-4431-4F06-8EC0-C6C80F322157}.Release|Any CPU.Build.0 = Release|Any CPU
		{FA3B2D09-C1BE-417B-803C-BEDE5059A6B2}.Debug|Any CPU.ActiveCfg = Debug|Any CPU
		{FA3B2D09-C1BE-417B-803C-BEDE5059A6B2}.Debug|Any CPU.Build.0 = Debug|Any CPU
		{FA3B2D09-C1BE-417B-803C-BEDE5059A6B2}.Release|Any CPU.ActiveCfg = Release|Any CPU
		{FA3B2D09-C1BE-417B-803C-BEDE5059A6B2}.Release|Any CPU.Build.0 = Release|Any CPU
		{0EF7C621-B91D-4DD0-B40F-EA5AE9119860}.Debug|Any CPU.ActiveCfg = Debug|Any CPU
		{0EF7C621-B91D-4DD0-B40F-EA5AE9119860}.Debug|Any CPU.Build.0 = Debug|Any CPU
		{0EF7C621-B91D-4DD0-B40F-EA5AE9119860}.Release|Any CPU.ActiveCfg = Release|Any CPU
		{0EF7C621-B91D-4DD0-B40F-EA5AE9119860}.Release|Any CPU.Build.0 = Release|Any CPU
		{90D11130-8550-4FD1-BDD4-FF0264018430}.Debug|Any CPU.ActiveCfg = Debug|Any CPU
		{90D11130-8550-4FD1-BDD4-FF0264018430}.Debug|Any CPU.Build.0 = Debug|Any CPU
		{90D11130-8550-4FD1-BDD4-FF0264018430}.Release|Any CPU.ActiveCfg = Release|Any CPU
		{90D11130-8550-4FD1-BDD4-FF0264018430}.Release|Any CPU.Build.0 = Release|Any CPU
		{DA65263F-7A4A-4DA5-BDA1-06FAEA3B436F}.Debug|Any CPU.ActiveCfg = Debug|Any CPU
		{DA65263F-7A4A-4DA5-BDA1-06FAEA3B436F}.Debug|Any CPU.Build.0 = Debug|Any CPU
		{DA65263F-7A4A-4DA5-BDA1-06FAEA3B436F}.Release|Any CPU.ActiveCfg = Release|Any CPU
		{DA65263F-7A4A-4DA5-BDA1-06FAEA3B436F}.Release|Any CPU.Build.0 = Release|Any CPU
		{96CF6FB9-78E2-4C73-B46A-60FA63A2BB10}.Debug|Any CPU.ActiveCfg = Debug|Any CPU
		{96CF6FB9-78E2-4C73-B46A-60FA63A2BB10}.Debug|Any CPU.Build.0 = Debug|Any CPU
		{96CF6FB9-78E2-4C73-B46A-60FA63A2BB10}.Release|Any CPU.ActiveCfg = Release|Any CPU
		{96CF6FB9-78E2-4C73-B46A-60FA63A2BB10}.Release|Any CPU.Build.0 = Release|Any CPU
		{774149FA-F1F9-4123-9CEA-9493F39A2A1C}.Debug|Any CPU.ActiveCfg = Debug|Any CPU
		{774149FA-F1F9-4123-9CEA-9493F39A2A1C}.Debug|Any CPU.Build.0 = Debug|Any CPU
		{774149FA-F1F9-4123-9CEA-9493F39A2A1C}.Release|Any CPU.ActiveCfg = Release|Any CPU
		{774149FA-F1F9-4123-9CEA-9493F39A2A1C}.Release|Any CPU.Build.0 = Release|Any CPU
		{30A97477-127A-4E5A-992A-75FA0624D2F5}.Debug|Any CPU.ActiveCfg = Debug|Any CPU
		{30A97477-127A-4E5A-992A-75FA0624D2F5}.Debug|Any CPU.Build.0 = Debug|Any CPU
		{30A97477-127A-4E5A-992A-75FA0624D2F5}.Release|Any CPU.ActiveCfg = Release|Any CPU
		{30A97477-127A-4E5A-992A-75FA0624D2F5}.Release|Any CPU.Build.0 = Release|Any CPU
		{FA3E4B9E-08C9-4F8B-8FA7-23A01F35E308}.Debug|Any CPU.ActiveCfg = Debug|Any CPU
		{FA3E4B9E-08C9-4F8B-8FA7-23A01F35E308}.Debug|Any CPU.Build.0 = Debug|Any CPU
		{FA3E4B9E-08C9-4F8B-8FA7-23A01F35E308}.Release|Any CPU.ActiveCfg = Release|Any CPU
		{FA3E4B9E-08C9-4F8B-8FA7-23A01F35E308}.Release|Any CPU.Build.0 = Release|Any CPU
		{9CD7F18D-4EDC-4C17-8A52-66832F89E983}.Debug|Any CPU.ActiveCfg = Debug|Any CPU
		{9CD7F18D-4EDC-4C17-8A52-66832F89E983}.Debug|Any CPU.Build.0 = Debug|Any CPU
		{9CD7F18D-4EDC-4C17-8A52-66832F89E983}.Release|Any CPU.ActiveCfg = Release|Any CPU
		{9CD7F18D-4EDC-4C17-8A52-66832F89E983}.Release|Any CPU.Build.0 = Release|Any CPU
		{CCCABA83-7A01-42BF-BAE0-9B95E3FE7FAB}.Debug|Any CPU.ActiveCfg = Debug|Any CPU
		{CCCABA83-7A01-42BF-BAE0-9B95E3FE7FAB}.Debug|Any CPU.Build.0 = Debug|Any CPU
		{CCCABA83-7A01-42BF-BAE0-9B95E3FE7FAB}.Release|Any CPU.ActiveCfg = Release|Any CPU
		{CCCABA83-7A01-42BF-BAE0-9B95E3FE7FAB}.Release|Any CPU.Build.0 = Release|Any CPU
		{12D50FEB-5C8B-4062-B42D-92AE0EE909F6}.Debug|Any CPU.ActiveCfg = Debug|Any CPU
		{12D50FEB-5C8B-4062-B42D-92AE0EE909F6}.Debug|Any CPU.Build.0 = Debug|Any CPU
		{12D50FEB-5C8B-4062-B42D-92AE0EE909F6}.Release|Any CPU.ActiveCfg = Release|Any CPU
		{12D50FEB-5C8B-4062-B42D-92AE0EE909F6}.Release|Any CPU.Build.0 = Release|Any CPU
		{E3BB5F2D-C0D2-4B6A-8332-CD4EB1DA23E1}.Debug|Any CPU.ActiveCfg = Debug|Any CPU
		{E3BB5F2D-C0D2-4B6A-8332-CD4EB1DA23E1}.Debug|Any CPU.Build.0 = Debug|Any CPU
		{E3BB5F2D-C0D2-4B6A-8332-CD4EB1DA23E1}.Release|Any CPU.ActiveCfg = Release|Any CPU
		{E3BB5F2D-C0D2-4B6A-8332-CD4EB1DA23E1}.Release|Any CPU.Build.0 = Release|Any CPU
		{AB2C75B7-0C6D-4581-BF57-A5C361A607CC}.Debug|Any CPU.ActiveCfg = Debug|Any CPU
		{AB2C75B7-0C6D-4581-BF57-A5C361A607CC}.Debug|Any CPU.Build.0 = Debug|Any CPU
		{AB2C75B7-0C6D-4581-BF57-A5C361A607CC}.Release|Any CPU.ActiveCfg = Release|Any CPU
		{AB2C75B7-0C6D-4581-BF57-A5C361A607CC}.Release|Any CPU.Build.0 = Release|Any CPU
		{41D3DA73-163A-49EB-B17A-8F040FA4DD1E}.Debug|Any CPU.ActiveCfg = Debug|Any CPU
		{41D3DA73-163A-49EB-B17A-8F040FA4DD1E}.Debug|Any CPU.Build.0 = Debug|Any CPU
		{41D3DA73-163A-49EB-B17A-8F040FA4DD1E}.Release|Any CPU.ActiveCfg = Release|Any CPU
		{41D3DA73-163A-49EB-B17A-8F040FA4DD1E}.Release|Any CPU.Build.0 = Release|Any CPU
		{3E717016-477F-43D5-880B-9972D2CCCD52}.Debug|Any CPU.ActiveCfg = Debug|Any CPU
		{3E717016-477F-43D5-880B-9972D2CCCD52}.Debug|Any CPU.Build.0 = Debug|Any CPU
		{3E717016-477F-43D5-880B-9972D2CCCD52}.Release|Any CPU.ActiveCfg = Release|Any CPU
		{3E717016-477F-43D5-880B-9972D2CCCD52}.Release|Any CPU.Build.0 = Release|Any CPU
		{092BF3B7-584C-417E-AE86-9501B5B2FD6C}.Debug|Any CPU.ActiveCfg = Debug|Any CPU
		{092BF3B7-584C-417E-AE86-9501B5B2FD6C}.Debug|Any CPU.Build.0 = Debug|Any CPU
		{092BF3B7-584C-417E-AE86-9501B5B2FD6C}.Release|Any CPU.ActiveCfg = Release|Any CPU
		{092BF3B7-584C-417E-AE86-9501B5B2FD6C}.Release|Any CPU.Build.0 = Release|Any CPU
	EndGlobalSection
	GlobalSection(SolutionProperties) = preSolution
		HideSolutionNode = FALSE
	EndGlobalSection
	GlobalSection(NestedProjects) = preSolution
		{172737F3-91C4-4D8D-B21F-D7DC5763D3DE} = {392C7EC5-E3B4-4C13-B3F3-F463455B9EEB}
		{97FC2822-F109-4CD1-9EF1-D86ECA9AF22F} = {80C17DDA-A376-4A1F-AAF9-F838F781B25F}
		{E47F2437-C252-4873-A94F-81DDF28BE4C6} = {69666D4D-D76B-40CF-9FA6-63011B0561F5}
		{A7F7743C-12F7-4509-ABC9-37855B12D14F} = {1E67246D-1DE9-456D-A066-FE0060120BA2}
		{9138835D-DBD2-4F7E-96DF-38DA264C68B2} = {80C17DDA-A376-4A1F-AAF9-F838F781B25F}
		{392C7EC5-E3B4-4C13-B3F3-F463455B9EEB} = {5B5EC253-F8CD-4564-A237-03EA3BB5EBA9}
		{1E67246D-1DE9-456D-A066-FE0060120BA2} = {5B5EC253-F8CD-4564-A237-03EA3BB5EBA9}
		{80C17DDA-A376-4A1F-AAF9-F838F781B25F} = {5B5EC253-F8CD-4564-A237-03EA3BB5EBA9}
		{69666D4D-D76B-40CF-9FA6-63011B0561F5} = {5B5EC253-F8CD-4564-A237-03EA3BB5EBA9}
		{0EB26F6E-F96D-4997-A709-97F77C5A14BE} = {80C17DDA-A376-4A1F-AAF9-F838F781B25F}
		{73CB2273-9DAA-44AD-8AC6-F9DBFD9D6633} = {5B5EC253-F8CD-4564-A237-03EA3BB5EBA9}
		{997FE319-8961-4133-986D-79C32AB5E411} = {217E1229-2EC5-4955-90DC-C37CBD5B93B4}
		{217E1229-2EC5-4955-90DC-C37CBD5B93B4} = {73CB2273-9DAA-44AD-8AC6-F9DBFD9D6633}
		{B8383C6B-8187-4A03-94C9-7F45C4F95829} = {73CB2273-9DAA-44AD-8AC6-F9DBFD9D6633}
		{976E7696-622F-4538-A980-38511D946F25} = {B8383C6B-8187-4A03-94C9-7F45C4F95829}
		{FC1B416F-0CC3-4C90-B97A-F03E34E8C6FC} = {73CB2273-9DAA-44AD-8AC6-F9DBFD9D6633}
		{62D15D22-3460-4272-B3C6-4542E0B0EB41} = {FC1B416F-0CC3-4C90-B97A-F03E34E8C6FC}
		{9A585552-948C-4BB1-8333-D8B098330A43} = {73CB2273-9DAA-44AD-8AC6-F9DBFD9D6633}
		{81117F01-21D7-4CF8-9A33-7E5D176CC14F} = {9A585552-948C-4BB1-8333-D8B098330A43}
		{80B5D428-4431-4F06-8EC0-C6C80F322157} = {81117F01-21D7-4CF8-9A33-7E5D176CC14F}
		{08658FB6-7B8C-4173-B9B7-285770C9254C} = {9A585552-948C-4BB1-8333-D8B098330A43}
		{FA3B2D09-C1BE-417B-803C-BEDE5059A6B2} = {08658FB6-7B8C-4173-B9B7-285770C9254C}
		{0EF7C621-B91D-4DD0-B40F-EA5AE9119860} = {94CE1670-8A7E-43B5-9C10-D7502AA906E4}
		{90D11130-8550-4FD1-BDD4-FF0264018430} = {43447475-99B2-4B1D-A170-FB3037302F12}
		{DA65263F-7A4A-4DA5-BDA1-06FAEA3B436F} = {3DFBCEFF-6C3E-4BA6-A2C7-80A8980DD127}
		{96CF6FB9-78E2-4C73-B46A-60FA63A2BB10} = {5D53008D-6BDF-4D8C-8412-B06F3BEED93B}
		{774149FA-F1F9-4123-9CEA-9493F39A2A1C} = {356581CB-AFF8-44E4-9CDD-04C60521456D}
		{94CE1670-8A7E-43B5-9C10-D7502AA906E4} = {B702DBA1-A82E-4F5B-94BD-81766EF2191D}
		{5D53008D-6BDF-4D8C-8412-B06F3BEED93B} = {B702DBA1-A82E-4F5B-94BD-81766EF2191D}
		{3DFBCEFF-6C3E-4BA6-A2C7-80A8980DD127} = {B702DBA1-A82E-4F5B-94BD-81766EF2191D}
		{43447475-99B2-4B1D-A170-FB3037302F12} = {B702DBA1-A82E-4F5B-94BD-81766EF2191D}
		{64210172-DE3B-41B4-981F-348BA05DBE9F} = {B702DBA1-A82E-4F5B-94BD-81766EF2191D}
		{1218CA08-9252-4689-83E7-D27011EB69CB} = {64210172-DE3B-41B4-981F-348BA05DBE9F}
		{30A97477-127A-4E5A-992A-75FA0624D2F5} = {1218CA08-9252-4689-83E7-D27011EB69CB}
		{FA3E4B9E-08C9-4F8B-8FA7-23A01F35E308} = {356581CB-AFF8-44E4-9CDD-04C60521456D}
		{9CD7F18D-4EDC-4C17-8A52-66832F89E983} = {356581CB-AFF8-44E4-9CDD-04C60521456D}
		{318B106F-DB68-4315-9EFB-CE142D21B72E} = {356581CB-AFF8-44E4-9CDD-04C60521456D}
		{0D42B31E-1235-4548-BEE1-FE526DB1F529} = {318B106F-DB68-4315-9EFB-CE142D21B72E}
		{CCCABA83-7A01-42BF-BAE0-9B95E3FE7FAB} = {0D42B31E-1235-4548-BEE1-FE526DB1F529}
		{12D50FEB-5C8B-4062-B42D-92AE0EE909F6} = {43447475-99B2-4B1D-A170-FB3037302F12}
		{E3BB5F2D-C0D2-4B6A-8332-CD4EB1DA23E1} = {356581CB-AFF8-44E4-9CDD-04C60521456D}
		{AB2C75B7-0C6D-4581-BF57-A5C361A607CC} = {43447475-99B2-4B1D-A170-FB3037302F12}
		{4463E45E-6342-4056-BE49-32B1B10EC337} = {64210172-DE3B-41B4-981F-348BA05DBE9F}
		{41D3DA73-163A-49EB-B17A-8F040FA4DD1E} = {4463E45E-6342-4056-BE49-32B1B10EC337}
		{3E717016-477F-43D5-880B-9972D2CCCD52} = {53E91903-29F4-40F9-A910-D4DD5B7BD810}
		{092BF3B7-584C-417E-AE86-9501B5B2FD6C} = {169C1F17-3317-46CB-8956-7437F0850F5C}
	EndGlobalSection
	GlobalSection(ExtensibilityGlobals) = postSolution
		SolutionGuid = {47DA7E87-7CF5-4C6C-A092-C9675E83C77B}
	EndGlobalSection
EndGlobal
